
Microsoft Visual Studio Solution File, Format Version 12.00
# Visual Studio Version 17
VisualStudioVersion = 17.2.32616.157
MinimumVisualStudioVersion = 10.0.40219.1
Project("{9A19103F-16F7-4668-BE54-9A1E7A4F7556}") = "ORMDapper", "ORMDapper\ORMDapper.csproj", "{8EA140BE-3954-42BB-A355-386AAAB0B80E}"
EndProject
Project("{FAE04EC0-301F-11D3-BF4B-00C04F79EFBC}") = "ORMDapper.Tests", "ORMDapper.Tests\ORMDapper.Tests.csproj", "{633FEB4F-ACC1-4A85-93E3-BFB17E08693B}"
EndProject
Global
	GlobalSection(SolutionConfigurationPlatforms) = preSolution
		Debug|Any CPU = Debug|Any CPU
		Release|Any CPU = Release|Any CPU
	EndGlobalSection
	GlobalSection(ProjectConfigurationPlatforms) = postSolution
		{8EA140BE-3954-42BB-A355-386AAAB0B80E}.Debug|Any CPU.ActiveCfg = Debug|Any CPU
		{8EA140BE-3954-42BB-A355-386AAAB0B80E}.Debug|Any CPU.Build.0 = Debug|Any CPU
		{8EA140BE-3954-42BB-A355-386AAAB0B80E}.Release|Any CPU.ActiveCfg = Release|Any CPU
		{8EA140BE-3954-42BB-A355-386AAAB0B80E}.Release|Any CPU.Build.0 = Release|Any CPU
		{633FEB4F-ACC1-4A85-93E3-BFB17E08693B}.Debug|Any CPU.ActiveCfg = Debug|Any CPU
		{633FEB4F-ACC1-4A85-93E3-BFB17E08693B}.Debug|Any CPU.Build.0 = Debug|Any CPU
		{633FEB4F-ACC1-4A85-93E3-BFB17E08693B}.Release|Any CPU.ActiveCfg = Release|Any CPU
		{633FEB4F-ACC1-4A85-93E3-BFB17E08693B}.Release|Any CPU.Build.0 = Release|Any CPU
	EndGlobalSection
	GlobalSection(SolutionProperties) = preSolution
		HideSolutionNode = FALSE
	EndGlobalSection
	GlobalSection(ExtensibilityGlobals) = postSolution
		SolutionGuid = {FFB6FEA5-587A-47BE-8FE9-D6F775AAD7D6}
	EndGlobalSection
EndGlobal
